<?xml version="1.0" encoding="utf-8"?>
<Project ToolsVersion="4.0" xmlns="http://schemas.microsoft.com/developer/msbuild/2003">
  <ItemGroup>
    <Filter Include="lua">
      <UniqueIdentifier>{4c54fc7f-f2c5-4b6b-bfaa-fded7b195b12}</UniqueIdentifier>
    </Filter>
    <Filter Include="app">
      <UniqueIdentifier>{3d24a952-ad4e-46e1-ae3c-df89c92d7f45}</UniqueIdentifier>
    </Filter>
    <Filter Include="ui">
      <UniqueIdentifier>{e88755e7-5c22-45ea-9b73-14db7d2634cb}</UniqueIdentifier>
    </Filter>
    <Filter Include="engines">
      <UniqueIdentifier>{e1b16e66-f2f3-4054-8445-7324127fb9ec}</UniqueIdentifier>
    </Filter>
    <Filter Include="res">
      <UniqueIdentifier>{486943e8-d1de-405a-8f67-e2e86e619f74}</UniqueIdentifier>
    </Filter>
    <Filter Include="utils">
      <UniqueIdentifier>{6cdde5c8-cec2-4bd6-94eb-c6709592f84d}</UniqueIdentifier>
    </Filter>
    <Filter Include="print">
      <UniqueIdentifier>{ff8e7a7a-ba3e-43a4-9707-d806f8fd8eb5}</UniqueIdentifier>
    </Filter>
    <Filter Include="sqlite3">
      <UniqueIdentifier>{eb8970ed-c51e-4e24-a58d-4ace0d0ff941}</UniqueIdentifier>
    </Filter>
    <Filter Include="sqlite3\SQLiteCpp">
      <UniqueIdentifier>{1d793640-db47-40d5-a608-e616eee5bf9a}</UniqueIdentifier>
    </Filter>
    <Filter Include="libxls">
      <UniqueIdentifier>{ed5dc61a-4300-46ec-a9e9-3b14e3769988}</UniqueIdentifier>
    </Filter>
  </ItemGroup>
  <ItemGroup>
    <ClCompile Include="lua\lbitlib.c">
      <Filter>lua</Filter>
    </ClCompile>
    <ClCompile Include="lua\lcorolib.c">
      <Filter>lua</Filter>
    </ClCompile>
    <ClCompile Include="lua\lctype.c">
      <Filter>lua</Filter>
    </ClCompile>
    <ClCompile Include="lua\lutf8lib.c">
      <Filter>lua</Filter>
    </ClCompile>
    <ClCompile Include="lua\lapi.c">
      <Filter>lua</Filter>
    </ClCompile>
    <ClCompile Include="lua\lauxlib.c">
      <Filter>lua</Filter>
    </ClCompile>
    <ClCompile Include="lua\lcode.c">
      <Filter>lua</Filter>
    </ClCompile>
    <ClCompile Include="lua\ldebug.c">
      <Filter>lua</Filter>
    </ClCompile>
    <ClCompile Include="lua\ldblib.c">
      <Filter>lua</Filter>
    </ClCompile>
    <ClCompile Include="lua\ldo.c">
      <Filter>lua</Filter>
    </ClCompile>
    <ClCompile Include="lua\ldump.c">
      <Filter>lua</Filter>
    </ClCompile>
    <ClCompile Include="lua\lfunc.c">
      <Filter>lua</Filter>
    </ClCompile>
    <ClCompile Include="lua\lgc.c">
      <Filter>lua</Filter>
    </ClCompile>
    <ClCompile Include="lua\llex.c">
      <Filter>lua</Filter>
    </ClCompile>
    <ClCompile Include="lua\linit.c">
      <Filter>lua</Filter>
    </ClCompile>
    <ClCompile Include="lua\liolib.c">
      <Filter>lua</Filter>
    </ClCompile>
    <ClCompile Include="lua\lmathlib.c">
      <Filter>lua</Filter>
    </ClCompile>
    <ClCompile Include="lua\loadlib.c">
      <Filter>lua</Filter>
    </ClCompile>
    <ClCompile Include="lua\lmem.c">
      <Filter>lua</Filter>
    </ClCompile>
    <ClCompile Include="lua\lobject.c">
      <Filter>lua</Filter>
    </ClCompile>
    <ClCompile Include="lua\lopcodes.c">
      <Filter>lua</Filter>
    </ClCompile>
    <ClCompile Include="lua\loslib.c">
      <Filter>lua</Filter>
    </ClCompile>
    <ClCompile Include="lua\lparser.c">
      <Filter>lua</Filter>
    </ClCompile>
    <ClCompile Include="lua\lstate.c">
      <Filter>lua</Filter>
    </ClCompile>
    <ClCompile Include="lua\lstring.c">
      <Filter>lua</Filter>
    </ClCompile>
    <ClCompile Include="lua\lstrlib.c">
      <Filter>lua</Filter>
    </ClCompile>
    <ClCompile Include="lua\ltable.c">
      <Filter>lua</Filter>
    </ClCompile>
    <ClCompile Include="lua\ltablib.c">
      <Filter>lua</Filter>
    </ClCompile>
    <ClCompile Include="lua\ltm.c">
      <Filter>lua</Filter>
    </ClCompile>
    <ClCompile Include="lua\lua.c">
      <Filter>lua</Filter>
    </ClCompile>
    <ClCompile Include="lua\lundump.c">
      <Filter>lua</Filter>
    </ClCompile>
    <ClCompile Include="lua\lvm.c">
      <Filter>lua</Filter>
    </ClCompile>
    <ClCompile Include="lua\lzio.c">
      <Filter>lua</Filter>
    </ClCompile>
    <ClCompile Include="lua\lbaselib.c">
      <Filter>lua</Filter>
    </ClCompile>
    <ClCompile Include="stdafx.cpp">
      <Filter>app</Filter>
    </ClCompile>
    <ClCompile Include="ZcStatis.cpp">
      <Filter>app</Filter>
    </ClCompile>
    <ClCompile Include="DialogDB.cpp">
      <Filter>ui</Filter>
    </ClCompile>
    <ClCompile Include="DialogTZ.cpp">
      <Filter>ui</Filter>
    </ClCompile>
    <ClCompile Include="MainDlg.cpp">
      <Filter>ui</Filter>
    </ClCompile>
    <ClCompile Include="Engine.cpp">
      <Filter>engines</Filter>
    </ClCompile>
    <ClCompile Include="EngineLua.cpp">
      <Filter>engines</Filter>
    </ClCompile>
    <ClCompile Include="Global.cpp">
      <Filter>utils</Filter>
    </ClCompile>
    <ClCompile Include="DialogGambel.cpp">
      <Filter>ui</Filter>
    </ClCompile>
    <ClCompile Include="MyPrintInfo.cpp">
      <Filter>print</Filter>
    </ClCompile>
    <ClCompile Include="PrintWnd.cpp">
      <Filter>print</Filter>
    </ClCompile>
    <ClCompile Include="EngineTJ.cpp">
      <Filter>engines</Filter>
    </ClCompile>
    <ClCompile Include="sqlite3\sqlite3.c">
      <Filter>sqlite3</Filter>
    </ClCompile>
    <ClCompile Include="sqlite3\SQLiteCpp\Backup.cpp">
      <Filter>sqlite3\SQLiteCpp</Filter>
    </ClCompile>
    <ClCompile Include="sqlite3\SQLiteCpp\Column.cpp">
      <Filter>sqlite3\SQLiteCpp</Filter>
    </ClCompile>
    <ClCompile Include="sqlite3\SQLiteCpp\Database.cpp">
      <Filter>sqlite3\SQLiteCpp</Filter>
    </ClCompile>
    <ClCompile Include="sqlite3\SQLiteCpp\Exception.cpp">
      <Filter>sqlite3\SQLiteCpp</Filter>
    </ClCompile>
    <ClCompile Include="sqlite3\SQLiteCpp\Statement.cpp">
      <Filter>sqlite3\SQLiteCpp</Filter>
    </ClCompile>
    <ClCompile Include="sqlite3\SQLiteCpp\Transaction.cpp">
      <Filter>sqlite3\SQLiteCpp</Filter>
    </ClCompile>
    <ClCompile Include="libxls\endian.c">
      <Filter>libxls</Filter>
    </ClCompile>
    <ClCompile Include="libxls\getopt.c">
      <Filter>libxls</Filter>
    </ClCompile>
    <ClCompile Include="libxls\ole.c">
      <Filter>libxls</Filter>
    </ClCompile>
    <ClCompile Include="libxls\xls.c">
      <Filter>libxls</Filter>
    </ClCompile>
    <ClCompile Include="libxls\xls2csv.c">
      <Filter>libxls</Filter>
    </ClCompile>
    <ClCompile Include="libxls\XlsReader.cpp">
      <Filter>libxls</Filter>
    </ClCompile>
    <ClCompile Include="libxls\xlstool.c">
      <Filter>libxls</Filter>
    </ClCompile>
  </ItemGroup>
  <ItemGroup>
    <ClInclude Include="lua\lctype.h">
      <Filter>lua</Filter>
    </ClInclude>
    <ClInclude Include="lua\lprefix.h">
      <Filter>lua</Filter>
    </ClInclude>
    <ClInclude Include="lua\lapi.h">
      <Filter>lua</Filter>
    </ClInclude>
    <ClInclude Include="lua\lauxlib.h">
      <Filter>lua</Filter>
    </ClInclude>
    <ClInclude Include="lua\ldebug.h">
      <Filter>lua</Filter>
    </ClInclude>
    <ClInclude Include="lua\lcode.h">
      <Filter>lua</Filter>
    </ClInclude>
    <ClInclude Include="lua\ldo.h">
      <Filter>lua</Filter>
    </ClInclude>
    <ClInclude Include="lua\lfunc.h">
      <Filter>lua</Filter>
    </ClInclude>
    <ClInclude Include="lua\lgc.h">
      <Filter>lua</Filter>
    </ClInclude>
    <ClInclude Include="lua\llex.h">
      <Filter>lua</Filter>
    </ClInclude>
    <ClInclude Include="lua\llimits.h">
      <Filter>lua</Filter>
    </ClInclude>
    <ClInclude Include="lua\lmem.h">
      <Filter>lua</Filter>
    </ClInclude>
    <ClInclude Include="lua\lobject.h">
      <Filter>lua</Filter>
    </ClInclude>
    <ClInclude Include="lua\lopcodes.h">
      <Filter>lua</Filter>
    </ClInclude>
    <ClInclude Include="lua\lparser.h">
      <Filter>lua</Filter>
    </ClInclude>
    <ClInclude Include="lua\lstate.h">
      <Filter>lua</Filter>
    </ClInclude>
    <ClInclude Include="lua\lstring.h">
      <Filter>lua</Filter>
    </ClInclude>
    <ClInclude Include="lua\ltable.h">
      <Filter>lua</Filter>
    </ClInclude>
    <ClInclude Include="lua\ltm.h">
      <Filter>lua</Filter>
    </ClInclude>
    <ClInclude Include="lua\lua.h">
      <Filter>lua</Filter>
    </ClInclude>
    <ClInclude Include="lua\luaconf.h">
      <Filter>lua</Filter>
    </ClInclude>
    <ClInclude Include="lua\lua.hpp">
      <Filter>lua</Filter>
    </ClInclude>
    <ClInclude Include="lua\lundump.h">
      <Filter>lua</Filter>
    </ClInclude>
    <ClInclude Include="lua\lualib.h">
      <Filter>lua</Filter>
    </ClInclude>
    <ClInclude Include="lua\lvm.h">
      <Filter>lua</Filter>
    </ClInclude>
    <ClInclude Include="lua\lzio.h">
      <Filter>lua</Filter>
    </ClInclude>
    <ClInclude Include="stdafx.h">
      <Filter>app</Filter>
    </ClInclude>
    <ClInclude Include="DialogDB.h">
      <Filter>ui</Filter>
    </ClInclude>
    <ClInclude Include="DialogTZ.h">
      <Filter>ui</Filter>
    </ClInclude>
    <ClInclude Include="MainDlg.h">
      <Filter>ui</Filter>
    </ClInclude>
    <ClInclude Include="Engine.h">
      <Filter>engines</Filter>
    </ClInclude>
    <ClInclude Include="EngineLua.h">
      <Filter>engines</Filter>
    </ClInclude>
    <ClInclude Include="resource.h">
      <Filter>res</Filter>
    </ClInclude>
    <ClInclude Include="Global.h">
      <Filter>utils</Filter>
    </ClInclude>
    <ClInclude Include="StlFiles.h">
      <Filter>utils</Filter>
    </ClInclude>
    <ClInclude Include="DialogGambel.h">
      <Filter>ui</Filter>
    </ClInclude>
    <ClInclude Include="atlctrlsext.h">
      <Filter>utils</Filter>
    </ClInclude>
    <ClInclude Include="MyPrintInfo.h">
      <Filter>print</Filter>
    </ClInclude>
    <ClInclude Include="PrintWnd.h">
      <Filter>print</Filter>
    </ClInclude>
    <ClInclude Include="ButtonMenu.h">
      <Filter>ui</Filter>
    </ClInclude>
    <ClInclude Include="sqlite3\sqlite3.h">
      <Filter>sqlite3</Filter>
    </ClInclude>
    <ClInclude Include="sqlite3\SQLiteCpp\Assertion.h">
      <Filter>sqlite3\SQLiteCpp</Filter>
    </ClInclude>
    <ClInclude Include="sqlite3\SQLiteCpp\Backup.h">
      <Filter>sqlite3\SQLiteCpp</Filter>
    </ClInclude>
    <ClInclude Include="sqlite3\SQLiteCpp\Column.h">
      <Filter>sqlite3\SQLiteCpp</Filter>
    </ClInclude>
    <ClInclude Include="sqlite3\SQLiteCpp\Database.h">
      <Filter>sqlite3\SQLiteCpp</Filter>
    </ClInclude>
    <ClInclude Include="sqlite3\SQLiteCpp\Exception.h">
      <Filter>sqlite3\SQLiteCpp</Filter>
    </ClInclude>
    <ClInclude Include="sqlite3\SQLiteCpp\SQLiteCpp.h">
      <Filter>sqlite3\SQLiteCpp</Filter>
    </ClInclude>
    <ClInclude Include="sqlite3\SQLiteCpp\Statement.h">
      <Filter>sqlite3\SQLiteCpp</Filter>
    </ClInclude>
    <ClInclude Include="sqlite3\SQLiteCpp\Transaction.h">
      <Filter>sqlite3\SQLiteCpp</Filter>
    </ClInclude>
    <ClInclude Include="sqlite3\SQLiteCpp\VariadicBind.h">
      <Filter>sqlite3\SQLiteCpp</Filter>
    </ClInclude>
    <ClInclude Include="libxls\brdb.c.h">
      <Filter>libxls</Filter>
    </ClInclude>
    <ClInclude Include="libxls\brdb.h">
      <Filter>libxls</Filter>
    </ClInclude>
    <ClInclude Include="libxls\endian.h">
      <Filter>libxls</Filter>
    </ClInclude>
    <ClInclude Include="libxls\ole.h">
      <Filter>libxls</Filter>
    </ClInclude>
    <ClInclude Include="libxls\xls.h">
      <Filter>libxls</Filter>
    </ClInclude>
    <ClInclude Include="libxls\XlsReader.h">
      <Filter>libxls</Filter>
    </ClInclude>
    <ClInclude Include="libxls\xlsstruct.h">
      <Filter>libxls</Filter>
    </ClInclude>
    <ClInclude Include="libxls\xlstool.h">
      <Filter>libxls</Filter>
    </ClInclude>
    <ClInclude Include="libxls\xlstypes.h">
      <Filter>libxls</Filter>
    </ClInclude>
  </ItemGroup>
  <ItemGroup>
    <Manifest Include="res\ZcStatis.exe.manifest">
      <Filter>res</Filter>
    </Manifest>
  </ItemGroup>
  <ItemGroup>
    <Image Include="res\ZcStatis.ico">
      <Filter>res</Filter>
    </Image>
  </ItemGroup>
  <ItemGroup>
    <ResourceCompile Include="ZcStatis.rc">
      <Filter>res</Filter>
    </ResourceCompile>
  </ItemGroup>
</Project>